github.com/cloudcannon/bookshop/hugo/v3 v3.10.1 h1:GKmbBOhrA2xz7gJDeMqsM+f//SYQ8I+eEAuB3NqDDpM=
github.com/cloudcannon/bookshop/hugo/v3 v3.10.1/go.mod h1:s7mIonDhtsLcn10ZKuVXyqd6BDHI8vT1WQhZw8rPfY8=
github.com/wvuweb/wvu-ds-v3-bookshop-components v0.0.0-20240906220059-3130fd6de99c h1:hA23bK0T4eFJ/54QJESBixJwCNGPZPGwCLFUNRbA2M4=
github.com/wvuweb/wvu-ds-v3-bookshop-components v0.0.0-20240906220059-3130fd6de99c/go.mod h1:JokLtYAF9QQKBQAVauwTKMoCxcvPhZz6OrKEK5xOvlw=
